
Microsoft Visual Studio Solution File, Format Version 12.00
# Visual Studio Version 17
VisualStudioVersion = 17.2.32519.379
MinimumVisualStudioVersion = 10.0.40219.1
Project("{9A19103F-16F7-4668-BE54-9A1E7A4F7556}") = "LiteNetLib", "LiteNetLib\LiteNetLib\LiteNetLib.csproj", "{AC04F262-117A-47B7-8DBA-013D2C37690E}"
EndProject
Project("{9A19103F-16F7-4668-BE54-9A1E7A4F7556}") = "LibSample", "LiteNetLib\LibSample\LibSample.csproj", "{25EC1895-7575-45D7-A2F9-F243BD01EF6A}"
EndProject
Project("{9A19103F-16F7-4668-BE54-9A1E7A4F7556}") = "PrimitierMultiplayer.Mod", "PrimitierMultiplayer.Mod\PrimitierMultiplayer.Mod.csproj", "{49D9A9DD-7E16-491E-8C12-26DADF258206}"
EndProject
Project("{9A19103F-16F7-4668-BE54-9A1E7A4F7556}") = "PrimitierMultiplayer.Server", "PrimitierMultiplayer.Server\PrimitierMultiplayer.Server.csproj", "{C80CBE2B-D772-4C01-A473-0F25F175DBBE}"
EndProject
Project("{D954291E-2A0B-460D-934E-DC6B0785DB48}") = "PrimitierMultiplayer.Shared", "PrimitierMultiplayer.Shared\PrimitierMultiplayer.Shared.shproj", "{4D1FE002-BDF1-444B-80C8-F9A1063AC330}"
EndProject
Project("{D954291E-2A0B-460D-934E-DC6B0785DB48}") = "PrimitierMultiplayer.ClientLib", "PrimitierMultiplayer.ClientLib\PrimitierMultiplayer.ClientLib.shproj", "{4553A04C-D86F-4470-8E4D-823BEF8CCB26}"
EndProject
Global
	GlobalSection(SolutionConfigurationPlatforms) = preSolution
		Debug|Any CPU = Debug|Any CPU
		Release|Any CPU = Release|Any CPU
	EndGlobalSection
	GlobalSection(ProjectConfigurationPlatforms) = postSolution
		{AC04F262-117A-47B7-8DBA-013D2C37690E}.Debug|Any CPU.ActiveCfg = Debug|Any CPU
		{AC04F262-117A-47B7-8DBA-013D2C37690E}.Debug|Any CPU.Build.0 = Debug|Any CPU
		{AC04F262-117A-47B7-8DBA-013D2C37690E}.Release|Any CPU.ActiveCfg = Release|Any CPU
		{AC04F262-117A-47B7-8DBA-013D2C37690E}.Release|Any CPU.Build.0 = Release|Any CPU
		{25EC1895-7575-45D7-A2F9-F243BD01EF6A}.Debug|Any CPU.ActiveCfg = Debug|Any CPU
		{25EC1895-7575-45D7-A2F9-F243BD01EF6A}.Debug|Any CPU.Build.0 = Debug|Any CPU
		{25EC1895-7575-45D7-A2F9-F243BD01EF6A}.Release|Any CPU.ActiveCfg = Release|Any CPU
		{25EC1895-7575-45D7-A2F9-F243BD01EF6A}.Release|Any CPU.Build.0 = Release|Any CPU
		{49D9A9DD-7E16-491E-8C12-26DADF258206}.Debug|Any CPU.ActiveCfg = Debug|Any CPU
		{49D9A9DD-7E16-491E-8C12-26DADF258206}.Debug|Any CPU.Build.0 = Debug|Any CPU
		{49D9A9DD-7E16-491E-8C12-26DADF258206}.Release|Any CPU.ActiveCfg = Release|Any CPU
		{49D9A9DD-7E16-491E-8C12-26DADF258206}.Release|Any CPU.Build.0 = Release|Any CPU
		{C80CBE2B-D772-4C01-A473-0F25F175DBBE}.Debug|Any CPU.ActiveCfg = Debug|Any CPU
		{C80CBE2B-D772-4C01-A473-0F25F175DBBE}.Debug|Any CPU.Build.0 = Debug|Any CPU
		{C80CBE2B-D772-4C01-A473-0F25F175DBBE}.Release|Any CPU.ActiveCfg = Release|Any CPU
		{C80CBE2B-D772-4C01-A473-0F25F175DBBE}.Release|Any CPU.Build.0 = Release|Any CPU
	EndGlobalSection
	GlobalSection(SolutionProperties) = preSolution
		HideSolutionNode = FALSE
	EndGlobalSection
	GlobalSection(ExtensibilityGlobals) = postSolution
		SolutionGuid = {A07F0F56-EBB7-4F41-98D9-A6DB5431A21E}
	EndGlobalSection
	GlobalSection(SharedMSBuildProjectFiles) = preSolution
		PrimitierMultiplayer.ClientLib\PrimitierMultiplayer.ClientLib.projitems*{4553a04c-d86f-4470-8e4d-823bef8ccb26}*SharedItemsImports = 13
		PrimitierMultiplayer.Shared\PrimitierMultiplayer.Shared.projitems*{4d1fe002-bdf1-444b-80c8-f9a1063ac330}*SharedItemsImports = 13
	EndGlobalSection
EndGlobal
